// !$*UTF8*$!
{
	archiveVersion = 1;
	classes = {
	};
	objectVersion = 46;
	objects = {

/* Begin PBXBuildFile section */
		1CA5F2FC1B73D7B3000B17C5 /* AppDelegate.swift in Sources */ = {isa = PBXBuildFile; fileRef = 1CA5F2FB1B73D7B3000B17C5 /* AppDelegate.swift */; };
		1CA5F2FE1B73D7B3000B17C5 /* ViewController.swift in Sources */ = {isa = PBXBuildFile; fileRef = 1CA5F2FD1B73D7B3000B17C5 /* ViewController.swift */; };
		1CA5F3011B73D7B3000B17C5 /* Main.storyboard in Resources */ = {isa = PBXBuildFile; fileRef = 1CA5F2FF1B73D7B3000B17C5 /* Main.storyboard */; };
		1CA5F3031B73D7B3000B17C5 /* Images.xcassets in Resources */ = {isa = PBXBuildFile; fileRef = 1CA5F3021B73D7B3000B17C5 /* Images.xcassets */; };
		1CA5F3061B73D7B3000B17C5 /* LaunchScreen.xib in Resources */ = {isa = PBXBuildFile; fileRef = 1CA5F3041B73D7B3000B17C5 /* LaunchScreen.xib */; };
		1CA5F3121B73D7B3000B17C5 /* OneButtonTests.swift in Sources */ = {isa = PBXBuildFile; fileRef = 1CA5F3111B73D7B3000B17C5 /* OneButtonTests.swift */; };
/* End PBXBuildFile section */

/* Begin PBXContainerItemProxy section */
		1CA5F30C1B73D7B3000B17C5 /* PBXContainerItemProxy */ = {
			isa = PBXContainerItemProxy;
			containerPortal = 1CA5F2EE1B73D7B3000B17C5 /* Project object */;
			proxyType = 1;
			remoteGlobalIDString = 1CA5F2F51B73D7B3000B17C5;
			remoteInfo = OneButton;
		};
/* End PBXContainerItemProxy section */

/* Begin PBXFileReference section */
		1CA5F2F61B73D7B3000B17C5 /* OneButton.app */ = {isa = PBXFileReference; explicitFileType = wrapper.application; includeInIndex = 0; path = OneButton.app; sourceTree = BUILT_PRODUCTS_DIR; };
		1CA5F2FA1B73D7B3000B17C5 /* Info.plist */ = {isa = PBXFileReference; lastKnownFileType = text.plist.xml; path = Info.plist; sourceTree = "<group>"; };
		1CA5F2FB1B73D7B3000B17C5 /* AppDelegate.swift */ = {isa = PBXFileReference; lastKnownFileType = sourcecode.swift; path = AppDelegate.swift; sourceTree = "<group>"; };
		1CA5F2FD1B73D7B3000B17C5 /* ViewController.swift */ = {isa = PBXFileReference; lastKnownFileType = sourcecode.swift; path = ViewController.swift; sourceTree = "<group>"; };
		1CA5F3001B73D7B3000B17C5 /* Base */ = {isa = PBXFileReference; lastKnownFileType = file.storyboard; name = Base; path = Base.lproj/Main.storyboard; sourceTree = "<group>"; };
		1CA5F3021B73D7B3000B17C5 /* Images.xcassets */ = {isa = PBXFileReference; lastKnownFileType = folder.assetcatalog; path = Images.xcassets; sourceTree = "<group>"; };
		1CA5F3051B73D7B3000B17C5 /* Base */ = {isa = PBXFileReference; lastKnownFileType = file.xib; name = Base; path = Base.lproj/LaunchScreen.xib; sourceTree = "<group>"; };
		1CA5F30B1B73D7B3000B17C5 /* OneButtonTests.xctest */ = {isa = PBXFileReference; explicitFileType = wrapper.cfbundle; includeInIndex = 0; path = OneButtonTests.xctest; sourceTree = BUILT_PRODUCTS_DIR; };
		1CA5F3101B73D7B3000B17C5 /* Info.plist */ = {isa = PBXFileReference; lastKnownFileType = text.plist.xml; path = Info.plist; sourceTree = "<group>"; };
		1CA5F3111B73D7B3000B17C5 /* OneButtonTests.swift */ = {isa = PBXFileReference; lastKnownFileType = sourcecode.swift; path = OneButtonTests.swift; sourceTree = "<group>"; };
/* End PBXFileReference section */

/* Begin PBXFrameworksBuildPhase section */
		1CA5F2F31B73D7B3000B17C5 /* Frameworks */ = {
			isa = PBXFrameworksBuildPhase;
			buildActionMask = 2147483647;
			files = (
			);
			runOnlyForDeploymentPostprocessing = 0;
		};
		1CA5F3081B73D7B3000B17C5 /* Frameworks */ = {
			isa = PBXFrameworksBuildPhase;
			buildActionMask = 2147483647;
			files = (
			);
			runOnlyForDeploymentPostprocessing = 0;
		};
/* End PBXFrameworksBuildPhase section */

/* Begin PBXGroup section */
		1CA5F2ED1B73D7B3000B17C5 = {
			isa = PBXGroup;
			children = (
				1CA5F2F81B73D7B3000B17C5 /* OneButton */,
				1CA5F30E1B73D7B3000B17C5 /* OneButtonTests */,
				1CA5F2F71B73D7B3000B17C5 /* Products */,
			);
			sourceTree = "<group>";
		};
		1CA5F2F71B73D7B3000B17C5 /* Products */ = {
			isa = PBXGroup;
			children = (
				1CA5F2F61B73D7B3000B17C5 /* OneButton.app */,
				1CA5F30B1B73D7B3000B17C5 /* OneButtonTests.xctest */,
			);
			name = Products;
			sourceTree = "<group>";
		};
		1CA5F2F81B73D7B3000B17C5 /* OneButton */ = {
			isa = PBXGroup;
			children = (
				1CA5F2FB1B73D7B3000B17C5 /* AppDelegate.swift */,
				1CA5F2FD1B73D7B3000B17C5 /* ViewController.swift */,
				1CA5F2FF1B73D7B3000B17C5 /* Main.storyboard */,
				1CA5F3021B73D7B3000B17C5 /* Images.xcassets */,
				1CA5F3041B73D7B3000B17C5 /* LaunchScreen.xib */,
				1CA5F2F91B73D7B3000B17C5 /* Supporting Files */,
			);
			path = OneButton;
			sourceTree = "<group>";
		};
		1CA5F2F91B73D7B3000B17C5 /* Supporting Files */ = {
			isa = PBXGroup;
			children = (
				1CA5F2FA1B73D7B3000B17C5 /* Info.plist */,
			);
			name = "Supporting Files";
			sourceTree = "<group>";
		};
		1CA5F30E1B73D7B3000B17C5 /* OneButtonTests */ = {
			isa = PBXGroup;
			children = (
				1CA5F3111B73D7B3000B17C5 /* OneButtonTests.swift */,
				1CA5F30F1B73D7B3000B17C5 /* Supporting Files */,
			);
			path = OneButtonTests;
			sourceTree = "<group>";
		};
		1CA5F30F1B73D7B3000B17C5 /* Supporting Files */ = {
			isa = PBXGroup;
			children = (
				1CA5F3101B73D7B3000B17C5 /* Info.plist */,
			);
			name = "Supporting Files";
			sourceTree = "<group>";
		};
/* End PBXGroup section */

/* Begin PBXNativeTarget section */
		1CA5F2F51B73D7B3000B17C5 /* OneButton */ = {
			isa = PBXNativeTarget;
			buildConfigurationList = 1CA5F3151B73D7B3000B17C5 /* Build configuration list for PBXNativeTarget "OneButton" */;
			buildPhases = (
				1CA5F2F21B73D7B3000B17C5 /* Sources */,
				1CA5F2F31B73D7B3000B17C5 /* Frameworks */,
				1CA5F2F41B73D7B3000B17C5 /* Resources */,
			);
			buildRules = (
			);
			dependencies = (
			);
			name = OneButton;
			productName = OneButton;
			productReference = 1CA5F2F61B73D7B3000B17C5 /* OneButton.app */;
			productType = "com.apple.product-type.application";
		};
		1CA5F30A1B73D7B3000B17C5 /* OneButtonTests */ = {
			isa = PBXNativeTarget;
			buildConfigurationList = 1CA5F3181B73D7B3000B17C5 /* Build configuration list for PBXNativeTarget "OneButtonTests" */;
			buildPhases = (
				1CA5F3071B73D7B3000B17C5 /* Sources */,
				1CA5F3081B73D7B3000B17C5 /* Frameworks */,
				1CA5F3091B73D7B3000B17C5 /* Resources */,
			);
			buildRules = (
			);
			dependencies = (
				1CA5F30D1B73D7B3000B17C5 /* PBXTargetDependency */,
			);
			name = OneButtonTests;
			productName = OneButtonTests;
			productReference = 1CA5F30B1B73D7B3000B17C5 /* OneButtonTests.xctest */;
			productType = "com.apple.product-type.bundle.unit-test";
		};
/* End PBXNativeTarget section */

/* Begin PBXProject section */
		1CA5F2EE1B73D7B3000B17C5 /* Project object */ = {
			isa = PBXProject;
			attributes = {
				LastSwiftMigration = 0710;
				LastSwiftUpdateCheck = 0710;
				LastUpgradeCheck = 0640;
				ORGANIZATIONNAME = "Rohan Bharadwaj";
				TargetAttributes = {
					1CA5F2F51B73D7B3000B17C5 = {
						CreatedOnToolsVersion = 6.4;
						DevelopmentTeam = 23359WM3AN;
					};
					1CA5F30A1B73D7B3000B17C5 = {
						CreatedOnToolsVersion = 6.4;
						TestTargetID = 1CA5F2F51B73D7B3000B17C5;
					};
				};
			};
			buildConfigurationList = 1CA5F2F11B73D7B3000B17C5 /* Build configuration list for PBXProject "OneButton" */;
			compatibilityVersion = "Xcode 3.2";
			developmentRegion = English;
			hasScannedForEncodings = 0;
			knownRegions = (
				en,
				Base,
			);
			mainGroup = 1CA5F2ED1B73D7B3000B17C5;
			productRefGroup = 1CA5F2F71B73D7B3000B17C5 /* Products */;
			projectDirPath = "";
			projectRoot = "";
			targets = (
				1CA5F2F51B73D7B3000B17C5 /* OneButton */,
				1CA5F30A1B73D7B3000B17C5 /* OneButtonTests */,
			);
		};
/* End PBXProject section */

/* Begin PBXResourcesBuildPhase section */
		1CA5F2F41B73D7B3000B17C5 /* Resources */ = {
			isa = PBXResourcesBuildPhase;
			buildActionMask = 2147483647;
			files = (
				1CA5F3011B73D7B3000B17C5 /* Main.storyboard in Resources */,
				1CA5F3061B73D7B3000B17C5 /* LaunchScreen.xib in Resources */,
				1CA5F3031B73D7B3000B17C5 /* Images.xcassets in Resources */,
			);
			runOnlyForDeploymentPostprocessing = 0;
		};
		1CA5F3091B73D7B3000B17C5 /* Resources */ = {
			isa = PBXResourcesBuildPhase;
			buildActionMask = 2147483647;
			files = (
			);
			runOnlyForDeploymentPostprocessing = 0;
		};
/* End PBXResourcesBuildPhase section */

/* Begin PBXSourcesBuildPhase section */
		1CA5F2F21B73D7B3000B17C5 /* Sources */ = {
			isa = PBXSourcesBuildPhase;
			buildActionMask = 2147483647;
			files = (
				1CA5F2FE1B73D7B3000B17C5 /* ViewController.swift in Sources */,
				1CA5F2FC1B73D7B3000B17C5 /* AppDelegate.swift in Sources */,
			);
			runOnlyForDeploymentPostprocessing = 0;
		};
		1CA5F3071B73D7B3000B17C5 /* Sources */ = {
			isa = PBXSourcesBuildPhase;
			buildActionMask = 2147483647;
			files = (
				1CA5F3121B73D7B3000B17C5 /* OneButtonTests.swift in Sources */,
			);
			runOnlyForDeploymentPostprocessing = 0;
		};
/* End PBXSourcesBuildPhase section */

/* Begin PBXTargetDependency section */
		1CA5F30D1B73D7B3000B17C5 /* PBXTargetDependency */ = {
			isa = PBXTargetDependency;
			target = 1CA5F2F51B73D7B3000B17C5 /* OneButton */;
			targetProxy = 1CA5F30C1B73D7B3000B17C5 /* PBXContainerItemProxy */;
		};
/* End PBXTargetDependency section */

/* Begin PBXVariantGroup section */
		1CA5F2FF1B73D7B3000B17C5 /* Main.storyboard */ = {
			isa = PBXVariantGroup;
			children = (
				1CA5F3001B73D7B3000B17C5 /* Base */,
			);
			name = Main.storyboard;
			sourceTree = "<group>";
		};
		1CA5F3041B73D7B3000B17C5 /* LaunchScreen.xib */ = {
			isa = PBXVariantGroup;
			children = (
				1CA5F3051B73D7B3000B17C5 /* Base */,
			);
			name = LaunchScreen.xib;
			sourceTree = "<group>";
		};
/* End PBXVariantGroup section */

/* Begin XCBuildConfiguration section */
		1CA5F3131B73D7B3000B17C5 /* Debug */ = {
			isa = XCBuildConfiguration;
			buildSettings = {
				ALWAYS_SEARCH_USER_PATHS = NO;
				CLANG_CXX_LANGUAGE_STANDARD = "gnu++0x";
				CLANG_CXX_LIBRARY = "libc++";
				CLANG_ENABLE_MODULES = YES;
				CLANG_ENABLE_OBJC_ARC = YES;
				CLANG_WARN_BOOL_CONVERSION = YES;
				CLANG_WARN_CONSTANT_CONVERSION = YES;
				CLANG_WARN_DIRECT_OBJC_ISA_USAGE = YES_ERROR;
				CLANG_WARN_EMPTY_BODY = YES;
				CLANG_WARN_ENUM_CONVERSION = YES;
				CLANG_WARN_INT_CONVERSION = YES;
				CLANG_WARN_OBJC_ROOT_CLASS = YES_ERROR;
				CLANG_WARN_UNREACHABLE_CODE = YES;
				CLANG_WARN__DUPLICATE_METHOD_MATCH = YES;
				CODE_SIGN_IDENTITY = "iPhone Distribution: Balaji Venkateswaran (23359WM3AN)";
				"CODE_SIGN_IDENTITY[sdk=iphoneos*]" = "iPhone Developer";
				COPY_PHASE_STRIP = NO;
				DEBUG_INFORMATION_FORMAT = "dwarf-with-dsym";
				ENABLE_STRICT_OBJC_MSGSEND = YES;
				GCC_C_LANGUAGE_STANDARD = gnu99;
				GCC_DYNAMIC_NO_PIC = NO;
				GCC_NO_COMMON_BLOCKS = YES;
				GCC_OPTIMIZATION_LEVEL = 0;
				GCC_PREPROCESSOR_DEFINITIONS = (
					"DEBUG=1",
					"$(inherited)",
				);
				GCC_SYMBOLS_PRIVATE_EXTERN = NO;
				GCC_WARN_64_TO_32_BIT_CONVERSION = YES;
				GCC_WARN_ABOUT_RETURN_TYPE = YES_ERROR;
				GCC_WARN_UNDECLARED_SELECTOR = YES;
				GCC_WARN_UNINITIALIZED_AUTOS = YES_AGGRESSIVE;
				GCC_WARN_UNUSED_FUNCTION = YES;
				GCC_WARN_UNUSED_VARIABLE = YES;
				IPHONEOS_DEPLOYMENT_TARGET = 8.4;
				MTL_ENABLE_DEBUG_INFO = YES;
				ONLY_ACTIVE_ARCH = YES;
				SDKROOT = iphoneos;
				SWIFT_OPTIMIZATION_LEVEL = "-Onone";
				TARGETED_DEVICE_FAMILY = "1,2";
			};
			name = Debug;
		};
		1CA5F3141B73D7B3000B17C5 /* Release */ = {
			isa = XCBuildConfiguration;
			buildSettings = {
				ALWAYS_SEARCH_USER_PATHS = NO;
				CLANG_CXX_LANGUAGE_STANDARD = "gnu++0x";
				CLANG_CXX_LIBRARY = "libc++";
				CLANG_ENABLE_MODULES = YES;
				CLANG_ENABLE_OBJC_ARC = YES;
				CLANG_WARN_BOOL_CONVERSION = YES;
				CLANG_WARN_CONSTANT_CONVERSION = YES;
				CLANG_WARN_DIRECT_OBJC_ISA_USAGE = YES_ERROR;
				CLANG_WARN_EMPTY_BODY = YES;
				CLANG_WARN_ENUM_CONVERSION = YES;
				CLANG_WARN_INT_CONVERSION = YES;
				CLANG_WARN_OBJC_ROOT_CLASS = YES_ERROR;
				CLANG_WARN_UNREACHABLE_CODE = YES;
				CLANG_WARN__DUPLICATE_METHOD_MATCH = YES;
				CODE_SIGN_IDENTITY = "iPhone Distribution: Balaji Venkateswaran (23359WM3AN)";
				"CODE_SIGN_IDENTITY[sdk=iphoneos*]" = "iPhone Developer";
				COPY_PHASE_STRIP = NO;
				DEBUG_INFORMATION_FORMAT = "dwarf-with-dsym";
				ENABLE_NS_ASSERTIONS = NO;
				ENABLE_STRICT_OBJC_MSGSEND = YES;
				GCC_C_LANGUAGE_STANDARD = gnu99;
				GCC_NO_COMMON_BLOCKS = YES;
				GCC_WARN_64_TO_32_BIT_CONVERSION = YES;
				GCC_WARN_ABOUT_RETURN_TYPE = YES_ERROR;
				GCC_WARN_UNDECLARED_SELECTOR = YES;
				GCC_WARN_UNINITIALIZED_AUTOS = YES_AGGRESSIVE;
				GCC_WARN_UNUSED_FUNCTION = YES;
				GCC_WARN_UNUSED_VARIABLE = YES;
				IPHONEOS_DEPLOYMENT_TARGET = 8.4;
				MTL_ENABLE_DEBUG_INFO = NO;
				SDKROOT = iphoneos;
				TARGETED_DEVICE_FAMILY = "1,2";
				VALIDATE_PRODUCT = YES;
			};
			name = Release;
		};
		1CA5F3161B73D7B3000B17C5 /* Debug */ = {
			isa = XCBuildConfiguration;
			buildSettings = {
				ASSETCATALOG_COMPILER_APPICON_NAME = AppIcon;
				CODE_SIGN_IDENTITY = "iPhone Developer";
				"CODE_SIGN_IDENTITY[sdk=iphoneos*]" = "iPhone Developer";
				INFOPLIST_FILE = OneButton/Info.plist;
				LD_RUNPATH_SEARCH_PATHS = "$(inherited) @executable_path/Frameworks";
				PRODUCT_NAME = "$(TARGET_NAME)";
				PROVISIONING_PROFILE = "";
				TARGETED_DEVICE_FAMILY = 1;
			};
			name = Debug;
		};
		1CA5F3171B73D7B3000B17C5 /* Release */ = {
			isa = XCBuildConfiguration;
			buildSettings = {
				ASSETCATALOG_COMPILER_APPICON_NAME = AppIcon;
				CODE_SIGN_IDENTITY = "iPhone Developer";
				"CODE_SIGN_IDENTITY[sdk=iphoneos*]" = "iPhone Developer";
				INFOPLIST_FILE = OneButton/Info.plist;
				LD_RUNPATH_SEARCH_PATHS = "$(inherited) @executable_path/Frameworks";
				PRODUCT_NAME = "$(TARGET_NAME)";
				PROVISIONING_PROFILE = "";
				TARGETED_DEVICE_FAMILY = 1;
			};
			name = Release;
		};
		1CA5F3191B73D7B3000B17C5 /* Debug */ = {
			isa = XCBuildConfiguration;
			buildSettings = {
				BUNDLE_LOADER = "$(TEST_HOST)";
				FRAMEWORK_SEARCH_PATHS = (
					"$(SDKROOT)/Developer/Library/Frameworks",
					"$(inherited)",
				);
				GCC_PREPROCESSOR_DEFINITIONS = (
					"DEBUG=1",
					"$(inherited)",
				);
				INFOPLIST_FILE = OneButtonTests/Info.plist;
				LD_RUNPATH_SEARCH_PATHS = "$(inherited) @executable_path/Frameworks @loader_path/Frameworks";
				PRODUCT_NAME = "$(TARGET_NAME)";
				TEST_HOST = "$(BUILT_PRODUCTS_DIR)/OneButton.app/OneButton";
			};
			name = Debug;
		};
		1CA5F31A1B73D7B3000B17C5 /* Release */ = {
			isa = XCBuildConfiguration;
			buildSettings = {
				BUNDLE_LOADER = "$(TEST_HOST)";
				FRAMEWORK_SEARCH_PATHS = (
					"$(SDKROOT)/Developer/Library/Frameworks",
					"$(inherited)",
				);
				INFOPLIST_FILE = OneButtonTests/Info.plist;
				LD_RUNPATH_SEARCH_PATHS = "$(inherited) @executable_path/Frameworks @loader_path/Frameworks";
				PRODUCT_NAME = "$(TARGET_NAME)";
				TEST_HOST = "$(BUILT_PRODUCTS_DIR)/OneButton.app/OneButton";
			};
			name = Release;
		};
/* End XCBuildConfiguration section */

/* Begin XCConfigurationList section */
		1CA5F2F11B73D7B3000B17C5 /* Build configuration list for PBXProject "OneButton" */ = {
			isa = XCConfigurationList;
			buildConfigurations = (
				1CA5F3131B73D7B3000B17C5 /* Debug */,
				1CA5F3141B73D7B3000B17C5 /* Release */,
			);
			defaultConfigurationIsVisible = 0;
			defaultConfigurationName = Release;
		};
		1CA5F3151B73D7B3000B17C5 /* Build configuration list for PBXNativeTarget "OneButton" */ = {
			isa = XCConfigurationList;
			buildConfigurations = (
				1CA5F3161B73D7B3000B17C5 /* Debug */,
				1CA5F3171B73D7B3000B17C5 /* Release */,
			);
			defaultConfigurationIsVisible = 0;
			defaultConfigurationName = Release;
		};
		1CA5F3181B73D7B3000B17C5 /* Build configuration list for PBXNativeTarget "OneButtonTests" */ = {
			isa = XCConfigurationList;
			buildConfigurations = (
				1CA5F3191B73D7B3000B17C5 /* Debug */,
				1CA5F31A1B73D7B3000B17C5 /* Release */,
			);
			defaultConfigurationIsVisible = 0;
			defaultConfigurationName = Release;
		};
/* End XCConfigurationList section */
	};
	rootObject = 1CA5F2EE1B73D7B3000B17C5 /* Project object */;
}
